
Microsoft Visual Studio Solution File, Format Version 12.00
# Visual Studio Version 17
VisualStudioVersion = 17.5.33530.505
MinimumVisualStudioVersion = 10.0.40219.1
Project("{FAE04EC0-301F-11D3-BF4B-00C04F79EFBC}") = "傳送消息", "傳送消息\傳送消息.csproj", "{7180BD78-6C33-4CE8-859C-29CD6640EE2E}"
EndProject
Project("{FAE04EC0-301F-11D3-BF4B-00C04F79EFBC}") = "接收消息", "接收消息\接收消息.csproj", "{29C9E055-984F-418A-92DF-7B6D347D522C}"
EndProject
Project("{FAE04EC0-301F-11D3-BF4B-00C04F79EFBC}") = "觸發器用的主控台程式", "觸發器用的主控台程式\觸發器用的主控台程式.csproj", "{C12A7643-1185-41F8-ACFE-1171A1B99794}"
EndProject
Global
	GlobalSection(SolutionConfigurationPlatforms) = preSolution
		Debug|Any CPU = Debug|Any CPU
		Release|Any CPU = Release|Any CPU
	EndGlobalSection
	GlobalSection(ProjectConfigurationPlatforms) = postSolution
		{7180BD78-6C33-4CE8-859C-29CD6640EE2E}.Debug|Any CPU.ActiveCfg = Debug|Any CPU
		{7180BD78-6C33-4CE8-859C-29CD6640EE2E}.Debug|Any CPU.Build.0 = Debug|Any CPU
		{7180BD78-6C33-4CE8-859C-29CD6640EE2E}.Release|Any CPU.ActiveCfg = Release|Any CPU
		{7180BD78-6C33-4CE8-859C-29CD6640EE2E}.Release|Any CPU.Build.0 = Release|Any CPU
		{29C9E055-984F-418A-92DF-7B6D347D522C}.Debug|Any CPU.ActiveCfg = Debug|Any CPU
		{29C9E055-984F-418A-92DF-7B6D347D522C}.Debug|Any CPU.Build.0 = Debug|Any CPU
		{29C9E055-984F-418A-92DF-7B6D347D522C}.Release|Any CPU.ActiveCfg = Release|Any CPU
		{29C9E055-984F-418A-92DF-7B6D347D522C}.Release|Any CPU.Build.0 = Release|Any CPU
		{C12A7643-1185-41F8-ACFE-1171A1B99794}.Debug|Any CPU.ActiveCfg = Debug|Any CPU
		{C12A7643-1185-41F8-ACFE-1171A1B99794}.Debug|Any CPU.Build.0 = Debug|Any CPU
		{C12A7643-1185-41F8-ACFE-1171A1B99794}.Release|Any CPU.ActiveCfg = Release|Any CPU
		{C12A7643-1185-41F8-ACFE-1171A1B99794}.Release|Any CPU.Build.0 = Release|Any CPU
	EndGlobalSection
	GlobalSection(SolutionProperties) = preSolution
		HideSolutionNode = FALSE
	EndGlobalSection
	GlobalSection(ExtensibilityGlobals) = postSolution
		SolutionGuid = {193B7242-6A56-484F-AE1F-42FDE463830A}
	EndGlobalSection
EndGlobal
